
Microsoft Visual Studio Solution File, Format Version 12.00
# Visual Studio Version 17
VisualStudioVersion = 17.0.31903.59
MinimumVisualStudioVersion = 10.0.40219.1
Project("{2150E333-8FDC-42A3-9474-1A3956D46DE8}") = "src", "src", "{827E0CD3-B72D-47B6-A68D-7590B98EB39B}"
EndProject
Project("{FAE04EC0-301F-11D3-BF4B-00C04F79EFBC}") = "BlazorBlaze", "src\BlazorBlaze\BlazorBlaze.csproj", "{D1924C0E-AE80-476A-9783-0E56C9AD0E11}"
EndProject
Project("{2150E333-8FDC-42A3-9474-1A3956D46DE8}") = "tests", "tests", "{0AB3BF05-4346-4AA6-1389-037BE0695223}"
EndProject
Project("{FAE04EC0-301F-11D3-BF4B-00C04F79EFBC}") = "BlazorBlaze.Tests", "tests\BlazorBlaze.Tests\BlazorBlaze.Tests.csproj", "{8AE24DEB-F2AE-4BE1-A8D2-742E35039C7A}"
EndProject
Project("{FAE04EC0-301F-11D3-BF4B-00C04F79EFBC}") = "BlazorBlaze.E2ETests", "tests\BlazorBlaze.E2ETests\BlazorBlaze.E2ETests.csproj", "{A2F89818-A9C5-4E1C-8410-BF974853A635}"
EndProject
Project("{2150E333-8FDC-42A3-9474-1A3956D46DE8}") = "samples", "samples", "{5D20AA90-6969-D8BD-9DCD-8634F4692FDA}"
EndProject
Project("{FAE04EC0-301F-11D3-BF4B-00C04F79EFBC}") = "SampleApp", "samples\SampleApp\SampleApp.csproj", "{1A7AB702-F568-4BB1-B7B0-BC4B0D9D6119}"
EndProject
Project("{2150E333-8FDC-42A3-9474-1A3956D46DE8}") = "benchmarks", "benchmarks", "{66320409-64EC-F7C5-3DEF-65E7510DAAD1}"
EndProject
Project("{FAE04EC0-301F-11D3-BF4B-00C04F79EFBC}") = "BlazorBlaze.Benchmarks", "benchmarks\BlazorBlaze.Benchmarks\BlazorBlaze.Benchmarks.csproj", "{BBBFDABF-D7EC-4B00-A44D-9AFC1195D9FB}"
EndProject
Project("{FAE04EC0-301F-11D3-BF4B-00C04F79EFBC}") = "SampleApp.Client", "samples\SampleApp.Client\SampleApp.Client.csproj", "{FDAF3364-5A3F-4C37-BB03-E923C9EAE8FB}"
EndProject
Project("{FAE04EC0-301F-11D3-BF4B-00C04F79EFBC}") = "BlazorBlaze.Server", "src\BlazorBlaze.Server\BlazorBlaze.Server.csproj", "{66F455C8-EFCA-438B-B0FA-6C435421DFEA}"
EndProject
Project("{FAE04EC0-301F-11D3-BF4B-00C04F79EFBC}") = "MudBlazorSample", "samples\MudBlazorSample\MudBlazorSample.csproj", "{C0F34291-251B-4A5B-87C9-58170EC6E435}"
EndProject
Project("{FAE04EC0-301F-11D3-BF4B-00C04F79EFBC}") = "MudBlazorSample.Client", "samples\MudBlazorSample.Client\MudBlazorSample.Client.csproj", "{CEA3F6EB-AF55-4D99-9E80-D223763C46F4}"
EndProject
Global
	GlobalSection(SolutionConfigurationPlatforms) = preSolution
		Debug|Any CPU = Debug|Any CPU
		Debug|x64 = Debug|x64
		Debug|x86 = Debug|x86
		Release|Any CPU = Release|Any CPU
		Release|x64 = Release|x64
		Release|x86 = Release|x86
	EndGlobalSection
	GlobalSection(ProjectConfigurationPlatforms) = postSolution
		{D1924C0E-AE80-476A-9783-0E56C9AD0E11}.Debug|Any CPU.ActiveCfg = Debug|Any CPU
		{D1924C0E-AE80-476A-9783-0E56C9AD0E11}.Debug|Any CPU.Build.0 = Debug|Any CPU
		{D1924C0E-AE80-476A-9783-0E56C9AD0E11}.Debug|x64.ActiveCfg = Debug|Any CPU
		{D1924C0E-AE80-476A-9783-0E56C9AD0E11}.Debug|x64.Build.0 = Debug|Any CPU
		{D1924C0E-AE80-476A-9783-0E56C9AD0E11}.Debug|x86.ActiveCfg = Debug|Any CPU
		{D1924C0E-AE80-476A-9783-0E56C9AD0E11}.Debug|x86.Build.0 = Debug|Any CPU
		{D1924C0E-AE80-476A-9783-0E56C9AD0E11}.Release|Any CPU.ActiveCfg = Release|Any CPU
		{D1924C0E-AE80-476A-9783-0E56C9AD0E11}.Release|Any CPU.Build.0 = Release|Any CPU
		{D1924C0E-AE80-476A-9783-0E56C9AD0E11}.Release|x64.ActiveCfg = Release|Any CPU
		{D1924C0E-AE80-476A-9783-0E56C9AD0E11}.Release|x64.Build.0 = Release|Any CPU
		{D1924C0E-AE80-476A-9783-0E56C9AD0E11}.Release|x86.ActiveCfg = Release|Any CPU
		{D1924C0E-AE80-476A-9783-0E56C9AD0E11}.Release|x86.Build.0 = Release|Any CPU
		{8AE24DEB-F2AE-4BE1-A8D2-742E35039C7A}.Debug|Any CPU.ActiveCfg = Debug|Any CPU
		{8AE24DEB-F2AE-4BE1-A8D2-742E35039C7A}.Debug|Any CPU.Build.0 = Debug|Any CPU
		{8AE24DEB-F2AE-4BE1-A8D2-742E35039C7A}.Debug|x64.ActiveCfg = Debug|Any CPU
		{8AE24DEB-F2AE-4BE1-A8D2-742E35039C7A}.Debug|x64.Build.0 = Debug|Any CPU
		{8AE24DEB-F2AE-4BE1-A8D2-742E35039C7A}.Debug|x86.ActiveCfg = Debug|Any CPU
		{8AE24DEB-F2AE-4BE1-A8D2-742E35039C7A}.Debug|x86.Build.0 = Debug|Any CPU
		{8AE24DEB-F2AE-4BE1-A8D2-742E35039C7A}.Release|Any CPU.ActiveCfg = Release|Any CPU
		{8AE24DEB-F2AE-4BE1-A8D2-742E35039C7A}.Release|Any CPU.Build.0 = Release|Any CPU
		{8AE24DEB-F2AE-4BE1-A8D2-742E35039C7A}.Release|x64.ActiveCfg = Release|Any CPU
		{8AE24DEB-F2AE-4BE1-A8D2-742E35039C7A}.Release|x64.Build.0 = Release|Any CPU
		{8AE24DEB-F2AE-4BE1-A8D2-742E35039C7A}.Release|x86.ActiveCfg = Release|Any CPU
		{8AE24DEB-F2AE-4BE1-A8D2-742E35039C7A}.Release|x86.Build.0 = Release|Any CPU
		{A2F89818-A9C5-4E1C-8410-BF974853A635}.Debug|Any CPU.ActiveCfg = Debug|Any CPU
		{A2F89818-A9C5-4E1C-8410-BF974853A635}.Debug|Any CPU.Build.0 = Debug|Any CPU
		{A2F89818-A9C5-4E1C-8410-BF974853A635}.Debug|x64.ActiveCfg = Debug|Any CPU
		{A2F89818-A9C5-4E1C-8410-BF974853A635}.Debug|x64.Build.0 = Debug|Any CPU
		{A2F89818-A9C5-4E1C-8410-BF974853A635}.Debug|x86.ActiveCfg = Debug|Any CPU
		{A2F89818-A9C5-4E1C-8410-BF974853A635}.Debug|x86.Build.0 = Debug|Any CPU
		{A2F89818-A9C5-4E1C-8410-BF974853A635}.Release|Any CPU.ActiveCfg = Release|Any CPU
		{A2F89818-A9C5-4E1C-8410-BF974853A635}.Release|Any CPU.Build.0 = Release|Any CPU
		{A2F89818-A9C5-4E1C-8410-BF974853A635}.Release|x64.ActiveCfg = Release|Any CPU
		{A2F89818-A9C5-4E1C-8410-BF974853A635}.Release|x64.Build.0 = Release|Any CPU
		{A2F89818-A9C5-4E1C-8410-BF974853A635}.Release|x86.ActiveCfg = Release|Any CPU
		{A2F89818-A9C5-4E1C-8410-BF974853A635}.Release|x86.Build.0 = Release|Any CPU
		{1A7AB702-F568-4BB1-B7B0-BC4B0D9D6119}.Debug|Any CPU.ActiveCfg = Debug|Any CPU
		{1A7AB702-F568-4BB1-B7B0-BC4B0D9D6119}.Debug|Any CPU.Build.0 = Debug|Any CPU
		{1A7AB702-F568-4BB1-B7B0-BC4B0D9D6119}.Debug|x64.ActiveCfg = Debug|Any CPU
		{1A7AB702-F568-4BB1-B7B0-BC4B0D9D6119}.Debug|x64.Build.0 = Debug|Any CPU
		{1A7AB702-F568-4BB1-B7B0-BC4B0D9D6119}.Debug|x86.ActiveCfg = Debug|Any CPU
		{1A7AB702-F568-4BB1-B7B0-BC4B0D9D6119}.Debug|x86.Build.0 = Debug|Any CPU
		{1A7AB702-F568-4BB1-B7B0-BC4B0D9D6119}.Release|Any CPU.ActiveCfg = Release|Any CPU
		{1A7AB702-F568-4BB1-B7B0-BC4B0D9D6119}.Release|Any CPU.Build.0 = Release|Any CPU
		{1A7AB702-F568-4BB1-B7B0-BC4B0D9D6119}.Release|x64.ActiveCfg = Release|Any CPU
		{1A7AB702-F568-4BB1-B7B0-BC4B0D9D6119}.Release|x64.Build.0 = Release|Any CPU
		{1A7AB702-F568-4BB1-B7B0-BC4B0D9D6119}.Release|x86.ActiveCfg = Release|Any CPU
		{1A7AB702-F568-4BB1-B7B0-BC4B0D9D6119}.Release|x86.Build.0 = Release|Any CPU
		{BBBFDABF-D7EC-4B00-A44D-9AFC1195D9FB}.Debug|Any CPU.ActiveCfg = Debug|Any CPU
		{BBBFDABF-D7EC-4B00-A44D-9AFC1195D9FB}.Debug|Any CPU.Build.0 = Debug|Any CPU
		{BBBFDABF-D7EC-4B00-A44D-9AFC1195D9FB}.Debug|x64.ActiveCfg = Debug|Any CPU
		{BBBFDABF-D7EC-4B00-A44D-9AFC1195D9FB}.Debug|x64.Build.0 = Debug|Any CPU
		{BBBFDABF-D7EC-4B00-A44D-9AFC1195D9FB}.Debug|x86.ActiveCfg = Debug|Any CPU
		{BBBFDABF-D7EC-4B00-A44D-9AFC1195D9FB}.Debug|x86.Build.0 = Debug|Any CPU
		{BBBFDABF-D7EC-4B00-A44D-9AFC1195D9FB}.Release|Any CPU.ActiveCfg = Release|Any CPU
		{BBBFDABF-D7EC-4B00-A44D-9AFC1195D9FB}.Release|Any CPU.Build.0 = Release|Any CPU
		{BBBFDABF-D7EC-4B00-A44D-9AFC1195D9FB}.Release|x64.ActiveCfg = Release|Any CPU
		{BBBFDABF-D7EC-4B00-A44D-9AFC1195D9FB}.Release|x64.Build.0 = Release|Any CPU
		{BBBFDABF-D7EC-4B00-A44D-9AFC1195D9FB}.Release|x86.ActiveCfg = Release|Any CPU
		{BBBFDABF-D7EC-4B00-A44D-9AFC1195D9FB}.Release|x86.Build.0 = Release|Any CPU
		{FDAF3364-5A3F-4C37-BB03-E923C9EAE8FB}.Debug|Any CPU.ActiveCfg = Debug|Any CPU
		{FDAF3364-5A3F-4C37-BB03-E923C9EAE8FB}.Debug|Any CPU.Build.0 = Debug|Any CPU
		{FDAF3364-5A3F-4C37-BB03-E923C9EAE8FB}.Debug|x64.ActiveCfg = Debug|Any CPU
		{FDAF3364-5A3F-4C37-BB03-E923C9EAE8FB}.Debug|x64.Build.0 = Debug|Any CPU
		{FDAF3364-5A3F-4C37-BB03-E923C9EAE8FB}.Debug|x86.ActiveCfg = Debug|Any CPU
		{FDAF3364-5A3F-4C37-BB03-E923C9EAE8FB}.Debug|x86.Build.0 = Debug|Any CPU
		{FDAF3364-5A3F-4C37-BB03-E923C9EAE8FB}.Release|Any CPU.ActiveCfg = Release|Any CPU
		{FDAF3364-5A3F-4C37-BB03-E923C9EAE8FB}.Release|Any CPU.Build.0 = Release|Any CPU
		{FDAF3364-5A3F-4C37-BB03-E923C9EAE8FB}.Release|x64.ActiveCfg = Release|Any CPU
		{FDAF3364-5A3F-4C37-BB03-E923C9EAE8FB}.Release|x64.Build.0 = Release|Any CPU
		{FDAF3364-5A3F-4C37-BB03-E923C9EAE8FB}.Release|x86.ActiveCfg = Release|Any CPU
		{FDAF3364-5A3F-4C37-BB03-E923C9EAE8FB}.Release|x86.Build.0 = Release|Any CPU
		{66F455C8-EFCA-438B-B0FA-6C435421DFEA}.Debug|Any CPU.ActiveCfg = Debug|Any CPU
		{66F455C8-EFCA-438B-B0FA-6C435421DFEA}.Debug|Any CPU.Build.0 = Debug|Any CPU
		{66F455C8-EFCA-438B-B0FA-6C435421DFEA}.Debug|x64.ActiveCfg = Debug|Any CPU
		{66F455C8-EFCA-438B-B0FA-6C435421DFEA}.Debug|x64.Build.0 = Debug|Any CPU
		{66F455C8-EFCA-438B-B0FA-6C435421DFEA}.Debug|x86.ActiveCfg = Debug|Any CPU
		{66F455C8-EFCA-438B-B0FA-6C435421DFEA}.Debug|x86.Build.0 = Debug|Any CPU
		{66F455C8-EFCA-438B-B0FA-6C435421DFEA}.Release|Any CPU.ActiveCfg = Release|Any CPU
		{66F455C8-EFCA-438B-B0FA-6C435421DFEA}.Release|Any CPU.Build.0 = Release|Any CPU
		{66F455C8-EFCA-438B-B0FA-6C435421DFEA}.Release|x64.ActiveCfg = Release|Any CPU
		{66F455C8-EFCA-438B-B0FA-6C435421DFEA}.Release|x64.Build.0 = Release|Any CPU
		{66F455C8-EFCA-438B-B0FA-6C435421DFEA}.Release|x86.ActiveCfg = Release|Any CPU
		{66F455C8-EFCA-438B-B0FA-6C435421DFEA}.Release|x86.Build.0 = Release|Any CPU
		{C0F34291-251B-4A5B-87C9-58170EC6E435}.Debug|Any CPU.ActiveCfg = Debug|Any CPU
		{C0F34291-251B-4A5B-87C9-58170EC6E435}.Debug|Any CPU.Build.0 = Debug|Any CPU
		{C0F34291-251B-4A5B-87C9-58170EC6E435}.Debug|x64.ActiveCfg = Debug|Any CPU
		{C0F34291-251B-4A5B-87C9-58170EC6E435}.Debug|x64.Build.0 = Debug|Any CPU
		{C0F34291-251B-4A5B-87C9-58170EC6E435}.Debug|x86.ActiveCfg = Debug|Any CPU
		{C0F34291-251B-4A5B-87C9-58170EC6E435}.Debug|x86.Build.0 = Debug|Any CPU
		{C0F34291-251B-4A5B-87C9-58170EC6E435}.Release|Any CPU.ActiveCfg = Release|Any CPU
		{C0F34291-251B-4A5B-87C9-58170EC6E435}.Release|Any CPU.Build.0 = Release|Any CPU
		{C0F34291-251B-4A5B-87C9-58170EC6E435}.Release|x64.ActiveCfg = Release|Any CPU
		{C0F34291-251B-4A5B-87C9-58170EC6E435}.Release|x64.Build.0 = Release|Any CPU
		{C0F34291-251B-4A5B-87C9-58170EC6E435}.Release|x86.ActiveCfg = Release|Any CPU
		{C0F34291-251B-4A5B-87C9-58170EC6E435}.Release|x86.Build.0 = Release|Any CPU
		{CEA3F6EB-AF55-4D99-9E80-D223763C46F4}.Debug|Any CPU.ActiveCfg = Debug|Any CPU
		{CEA3F6EB-AF55-4D99-9E80-D223763C46F4}.Debug|Any CPU.Build.0 = Debug|Any CPU
		{CEA3F6EB-AF55-4D99-9E80-D223763C46F4}.Debug|x64.ActiveCfg = Debug|Any CPU
		{CEA3F6EB-AF55-4D99-9E80-D223763C46F4}.Debug|x64.Build.0 = Debug|Any CPU
		{CEA3F6EB-AF55-4D99-9E80-D223763C46F4}.Debug|x86.ActiveCfg = Debug|Any CPU
		{CEA3F6EB-AF55-4D99-9E80-D223763C46F4}.Debug|x86.Build.0 = Debug|Any CPU
		{CEA3F6EB-AF55-4D99-9E80-D223763C46F4}.Release|Any CPU.ActiveCfg = Release|Any CPU
		{CEA3F6EB-AF55-4D99-9E80-D223763C46F4}.Release|Any CPU.Build.0 = Release|Any CPU
		{CEA3F6EB-AF55-4D99-9E80-D223763C46F4}.Release|x64.ActiveCfg = Release|Any CPU
		{CEA3F6EB-AF55-4D99-9E80-D223763C46F4}.Release|x64.Build.0 = Release|Any CPU
		{CEA3F6EB-AF55-4D99-9E80-D223763C46F4}.Release|x86.ActiveCfg = Release|Any CPU
		{CEA3F6EB-AF55-4D99-9E80-D223763C46F4}.Release|x86.Build.0 = Release|Any CPU
	EndGlobalSection
	GlobalSection(SolutionProperties) = preSolution
		HideSolutionNode = FALSE
	EndGlobalSection
	GlobalSection(NestedProjects) = preSolution
		{D1924C0E-AE80-476A-9783-0E56C9AD0E11} = {827E0CD3-B72D-47B6-A68D-7590B98EB39B}
		{8AE24DEB-F2AE-4BE1-A8D2-742E35039C7A} = {0AB3BF05-4346-4AA6-1389-037BE0695223}
		{A2F89818-A9C5-4E1C-8410-BF974853A635} = {0AB3BF05-4346-4AA6-1389-037BE0695223}
		{1A7AB702-F568-4BB1-B7B0-BC4B0D9D6119} = {5D20AA90-6969-D8BD-9DCD-8634F4692FDA}
		{BBBFDABF-D7EC-4B00-A44D-9AFC1195D9FB} = {66320409-64EC-F7C5-3DEF-65E7510DAAD1}
		{FDAF3364-5A3F-4C37-BB03-E923C9EAE8FB} = {5D20AA90-6969-D8BD-9DCD-8634F4692FDA}
		{66F455C8-EFCA-438B-B0FA-6C435421DFEA} = {827E0CD3-B72D-47B6-A68D-7590B98EB39B}
		{C0F34291-251B-4A5B-87C9-58170EC6E435} = {5D20AA90-6969-D8BD-9DCD-8634F4692FDA}
		{CEA3F6EB-AF55-4D99-9E80-D223763C46F4} = {5D20AA90-6969-D8BD-9DCD-8634F4692FDA}
	EndGlobalSection
EndGlobal
